// !$*UTF8*$!
{
	archiveVersion = 1;
	classes = {
	};
	objectVersion = 48;
	objects = {

/* Begin PBXBuildFile section */
		58E804E92FCF87A35E92D698 /* libPods-TheNoodleBox.a in Frameworks */ = {isa = PBXBuildFile; fileRef = EBFA191F61C010A8491AF62E /* libPods-TheNoodleBox.a */; };
		F32630B01FE1331200D8287B /* SearchPlacesAPI.swift in Sources */ = {isa = PBXBuildFile; fileRef = F32630AF1FE1331200D8287B /* SearchPlacesAPI.swift */; };
		F32630B21FE134CE00D8287B /* PlaceViewModel.swift in Sources */ = {isa = PBXBuildFile; fileRef = F32630B11FE134CE00D8287B /* PlaceViewModel.swift */; };
		F32630B41FE138A600D8287B /* SearchResult.swift in Sources */ = {isa = PBXBuildFile; fileRef = F32630B31FE138A600D8287B /* SearchResult.swift */; };
		F32630B61FE13AAB00D8287B /* Place.swift in Sources */ = {isa = PBXBuildFile; fileRef = F32630B51FE13AAB00D8287B /* Place.swift */; };
		F32630BB1FE1746600D8287B /* PlaceTableViewCell.swift in Sources */ = {isa = PBXBuildFile; fileRef = F32630BA1FE1746600D8287B /* PlaceTableViewCell.swift */; };
		F34D48911FD97CE800F0BBF7 /* RecipeViewController.swift in Sources */ = {isa = PBXBuildFile; fileRef = F34D48901FD97CE800F0BBF7 /* RecipeViewController.swift */; };
		F39733661FE2D127005D3323 /* Photo.swift in Sources */ = {isa = PBXBuildFile; fileRef = F39733651FE2D127005D3323 /* Photo.swift */; };
		F39B0B341FD952C500A94960 /* AppDelegate.swift in Sources */ = {isa = PBXBuildFile; fileRef = F39B0B331FD952C500A94960 /* AppDelegate.swift */; };
		F39B0B361FD952C500A94960 /* NoodlesViewController.swift in Sources */ = {isa = PBXBuildFile; fileRef = F39B0B351FD952C500A94960 /* NoodlesViewController.swift */; };
		F39B0B381FD952C500A94960 /* RamenAroundYouViewController.swift in Sources */ = {isa = PBXBuildFile; fileRef = F39B0B371FD952C500A94960 /* RamenAroundYouViewController.swift */; };
		F39B0B3B1FD952C500A94960 /* Main.storyboard in Resources */ = {isa = PBXBuildFile; fileRef = F39B0B391FD952C500A94960 /* Main.storyboard */; };
		F39B0B3D1FD952C500A94960 /* Assets.xcassets in Resources */ = {isa = PBXBuildFile; fileRef = F39B0B3C1FD952C500A94960 /* Assets.xcassets */; };
		F39B0B401FD952C500A94960 /* LaunchScreen.storyboard in Resources */ = {isa = PBXBuildFile; fileRef = F39B0B3E1FD952C500A94960 /* LaunchScreen.storyboard */; };
		F39B0B4B1FD952C500A94960 /* TheNoodleBoxTests.swift in Sources */ = {isa = PBXBuildFile; fileRef = F39B0B4A1FD952C500A94960 /* TheNoodleBoxTests.swift */; };
		F39B0B561FD952C500A94960 /* TheNoodleBoxUITests.swift in Sources */ = {isa = PBXBuildFile; fileRef = F39B0B551FD952C500A94960 /* TheNoodleBoxUITests.swift */; };
		F3E6B9231FD9ADF800522115 /* JsonProtocol.swift in Sources */ = {isa = PBXBuildFile; fileRef = F3E6B9221FD9ADF800522115 /* JsonProtocol.swift */; };
/* End PBXBuildFile section */

/* Begin PBXContainerItemProxy section */
		F39B0B471FD952C500A94960 /* PBXContainerItemProxy */ = {
			isa = PBXContainerItemProxy;
			containerPortal = F39B0B281FD952C500A94960 /* Project object */;
			proxyType = 1;
			remoteGlobalIDString = F39B0B2F1FD952C500A94960;
			remoteInfo = TheNoodleBox;
		};
		F39B0B521FD952C500A94960 /* PBXContainerItemProxy */ = {
			isa = PBXContainerItemProxy;
			containerPortal = F39B0B281FD952C500A94960 /* Project object */;
			proxyType = 1;
			remoteGlobalIDString = F39B0B2F1FD952C500A94960;
			remoteInfo = TheNoodleBox;
		};
/* End PBXContainerItemProxy section */

/* Begin PBXFileReference section */
		3FEA41979EEAAAD5A2C232B8 /* Pods-TheNoodleBox.release.xcconfig */ = {isa = PBXFileReference; includeInIndex = 1; lastKnownFileType = text.xcconfig; name = "Pods-TheNoodleBox.release.xcconfig"; path = "Pods/Target Support Files/Pods-TheNoodleBox/Pods-TheNoodleBox.release.xcconfig"; sourceTree = "<group>"; };
		86AF56BB9BB04EF64B7FAEE7 /* Pods-TheNoodleBox.debug.xcconfig */ = {isa = PBXFileReference; includeInIndex = 1; lastKnownFileType = text.xcconfig; name = "Pods-TheNoodleBox.debug.xcconfig"; path = "Pods/Target Support Files/Pods-TheNoodleBox/Pods-TheNoodleBox.debug.xcconfig"; sourceTree = "<group>"; };
		EBFA191F61C010A8491AF62E /* libPods-TheNoodleBox.a */ = {isa = PBXFileReference; explicitFileType = archive.ar; includeInIndex = 0; path = "libPods-TheNoodleBox.a"; sourceTree = BUILT_PRODUCTS_DIR; };
		F32630AF1FE1331200D8287B /* SearchPlacesAPI.swift */ = {isa = PBXFileReference; lastKnownFileType = sourcecode.swift; path = SearchPlacesAPI.swift; sourceTree = "<group>"; };
		F32630B11FE134CE00D8287B /* PlaceViewModel.swift */ = {isa = PBXFileReference; lastKnownFileType = sourcecode.swift; path = PlaceViewModel.swift; sourceTree = "<group>"; };
		F32630B31FE138A600D8287B /* SearchResult.swift */ = {isa = PBXFileReference; lastKnownFileType = sourcecode.swift; path = SearchResult.swift; sourceTree = "<group>"; };
		F32630B51FE13AAB00D8287B /* Place.swift */ = {isa = PBXFileReference; lastKnownFileType = sourcecode.swift; path = Place.swift; sourceTree = "<group>"; };
		F32630BA1FE1746600D8287B /* PlaceTableViewCell.swift */ = {isa = PBXFileReference; lastKnownFileType = sourcecode.swift; path = PlaceTableViewCell.swift; sourceTree = "<group>"; };
		F34D48901FD97CE800F0BBF7 /* RecipeViewController.swift */ = {isa = PBXFileReference; lastKnownFileType = sourcecode.swift; path = RecipeViewController.swift; sourceTree = "<group>"; };
		F39733651FE2D127005D3323 /* Photo.swift */ = {isa = PBXFileReference; lastKnownFileType = sourcecode.swift; path = Photo.swift; sourceTree = "<group>"; };
		F39B0B301FD952C500A94960 /* TheNoodleBox.app */ = {isa = PBXFileReference; explicitFileType = wrapper.application; includeInIndex = 0; path = TheNoodleBox.app; sourceTree = BUILT_PRODUCTS_DIR; };
		F39B0B331FD952C500A94960 /* AppDelegate.swift */ = {isa = PBXFileReference; lastKnownFileType = sourcecode.swift; path = AppDelegate.swift; sourceTree = "<group>"; };
		F39B0B351FD952C500A94960 /* NoodlesViewController.swift */ = {isa = PBXFileReference; lastKnownFileType = sourcecode.swift; path = NoodlesViewController.swift; sourceTree = "<group>"; };
		F39B0B371FD952C500A94960 /* RamenAroundYouViewController.swift */ = {isa = PBXFileReference; lastKnownFileType = sourcecode.swift; path = RamenAroundYouViewController.swift; sourceTree = "<group>"; };
		F39B0B3A1FD952C500A94960 /* Base */ = {isa = PBXFileReference; lastKnownFileType = file.storyboard; name = Base; path = Base.lproj/Main.storyboard; sourceTree = "<group>"; };
		F39B0B3C1FD952C500A94960 /* Assets.xcassets */ = {isa = PBXFileReference; lastKnownFileType = folder.assetcatalog; path = Assets.xcassets; sourceTree = "<group>"; };
		F39B0B3F1FD952C500A94960 /* Base */ = {isa = PBXFileReference; lastKnownFileType = file.storyboard; name = Base; path = Base.lproj/LaunchScreen.storyboard; sourceTree = "<group>"; };
		F39B0B411FD952C500A94960 /* Info.plist */ = {isa = PBXFileReference; lastKnownFileType = text.plist.xml; path = Info.plist; sourceTree = "<group>"; };
		F39B0B461FD952C500A94960 /* TheNoodleBoxTests.xctest */ = {isa = PBXFileReference; explicitFileType = wrapper.cfbundle; includeInIndex = 0; path = TheNoodleBoxTests.xctest; sourceTree = BUILT_PRODUCTS_DIR; };
		F39B0B4A1FD952C500A94960 /* TheNoodleBoxTests.swift */ = {isa = PBXFileReference; lastKnownFileType = sourcecode.swift; path = TheNoodleBoxTests.swift; sourceTree = "<group>"; };
		F39B0B4C1FD952C500A94960 /* Info.plist */ = {isa = PBXFileReference; lastKnownFileType = text.plist.xml; path = Info.plist; sourceTree = "<group>"; };
		F39B0B511FD952C500A94960 /* TheNoodleBoxUITests.xctest */ = {isa = PBXFileReference; explicitFileType = wrapper.cfbundle; includeInIndex = 0; path = TheNoodleBoxUITests.xctest; sourceTree = BUILT_PRODUCTS_DIR; };
		F39B0B551FD952C500A94960 /* TheNoodleBoxUITests.swift */ = {isa = PBXFileReference; lastKnownFileType = sourcecode.swift; path = TheNoodleBoxUITests.swift; sourceTree = "<group>"; };
		F39B0B571FD952C500A94960 /* Info.plist */ = {isa = PBXFileReference; lastKnownFileType = text.plist.xml; path = Info.plist; sourceTree = "<group>"; };
		F3E6B9221FD9ADF800522115 /* JsonProtocol.swift */ = {isa = PBXFileReference; lastKnownFileType = sourcecode.swift; path = JsonProtocol.swift; sourceTree = "<group>"; };
/* End PBXFileReference section */

/* Begin PBXFrameworksBuildPhase section */
		F39B0B2D1FD952C500A94960 /* Frameworks */ = {
			isa = PBXFrameworksBuildPhase;
			buildActionMask = 2147483647;
			files = (
				58E804E92FCF87A35E92D698 /* libPods-TheNoodleBox.a in Frameworks */,
			);
			runOnlyForDeploymentPostprocessing = 0;
		};
		F39B0B431FD952C500A94960 /* Frameworks */ = {
			isa = PBXFrameworksBuildPhase;
			buildActionMask = 2147483647;
			files = (
			);
			runOnlyForDeploymentPostprocessing = 0;
		};
		F39B0B4E1FD952C500A94960 /* Frameworks */ = {
			isa = PBXFrameworksBuildPhase;
			buildActionMask = 2147483647;
			files = (
			);
			runOnlyForDeploymentPostprocessing = 0;
		};
/* End PBXFrameworksBuildPhase section */

/* Begin PBXGroup section */
		6E211E4A43DB629296683F73 /* Frameworks */ = {
			isa = PBXGroup;
			children = (
				EBFA191F61C010A8491AF62E /* libPods-TheNoodleBox.a */,
			);
			name = Frameworks;
			sourceTree = "<group>";
		};
		C63622D762504FCCEFB9AC85 /* Pods */ = {
			isa = PBXGroup;
			children = (
				86AF56BB9BB04EF64B7FAEE7 /* Pods-TheNoodleBox.debug.xcconfig */,
				3FEA41979EEAAAD5A2C232B8 /* Pods-TheNoodleBox.release.xcconfig */,
			);
			name = Pods;
			sourceTree = "<group>";
		};
		F32630B71FE13EC200D8287B /* Model */ = {
			isa = PBXGroup;
			children = (
				F39733651FE2D127005D3323 /* Photo.swift */,
				F32630B31FE138A600D8287B /* SearchResult.swift */,
				F32630B51FE13AAB00D8287B /* Place.swift */,
			);
			path = Model;
			sourceTree = "<group>";
		};
		F32630B81FE1688100D8287B /* ViewModel */ = {
			isa = PBXGroup;
			children = (
				F32630B11FE134CE00D8287B /* PlaceViewModel.swift */,
			);
			path = ViewModel;
			sourceTree = "<group>";
		};
		F32630B91FE168AA00D8287B /* ViewController */ = {
			isa = PBXGroup;
			children = (
			);
			path = ViewController;
			sourceTree = "<group>";
		};
		F39B0B271FD952C500A94960 = {
			isa = PBXGroup;
			children = (
				F39B0B321FD952C500A94960 /* TheNoodleBox */,
				F32630B81FE1688100D8287B /* ViewModel */,
				F32630B71FE13EC200D8287B /* Model */,
				F39B0B491FD952C500A94960 /* TheNoodleBoxTests */,
				F39B0B541FD952C500A94960 /* TheNoodleBoxUITests */,
				F39B0B311FD952C500A94960 /* Products */,
				C63622D762504FCCEFB9AC85 /* Pods */,
				6E211E4A43DB629296683F73 /* Frameworks */,
			);
			sourceTree = "<group>";
		};
		F39B0B311FD952C500A94960 /* Products */ = {
			isa = PBXGroup;
			children = (
				F39B0B301FD952C500A94960 /* TheNoodleBox.app */,
				F39B0B461FD952C500A94960 /* TheNoodleBoxTests.xctest */,
				F39B0B511FD952C500A94960 /* TheNoodleBoxUITests.xctest */,
			);
			name = Products;
			sourceTree = "<group>";
		};
		F39B0B321FD952C500A94960 /* TheNoodleBox */ = {
			isa = PBXGroup;
			children = (
				F39B0B331FD952C500A94960 /* AppDelegate.swift */,
				F32630B91FE168AA00D8287B /* ViewController */,
				F39B0B351FD952C500A94960 /* NoodlesViewController.swift */,
				F34D48901FD97CE800F0BBF7 /* RecipeViewController.swift */,
				F39B0B371FD952C500A94960 /* RamenAroundYouViewController.swift */,
				F39B0B391FD952C500A94960 /* Main.storyboard */,
				F39B0B3C1FD952C500A94960 /* Assets.xcassets */,
				F39B0B3E1FD952C500A94960 /* LaunchScreen.storyboard */,
				F39B0B411FD952C500A94960 /* Info.plist */,
				F3E6B9221FD9ADF800522115 /* JsonProtocol.swift */,
				F32630AF1FE1331200D8287B /* SearchPlacesAPI.swift */,
				F32630BA1FE1746600D8287B /* PlaceTableViewCell.swift */,
			);
			path = TheNoodleBox;
			sourceTree = "<group>";
		};
		F39B0B491FD952C500A94960 /* TheNoodleBoxTests */ = {
			isa = PBXGroup;
			children = (
				F39B0B4A1FD952C500A94960 /* TheNoodleBoxTests.swift */,
				F39B0B4C1FD952C500A94960 /* Info.plist */,
			);
			path = TheNoodleBoxTests;
			sourceTree = "<group>";
		};
		F39B0B541FD952C500A94960 /* TheNoodleBoxUITests */ = {
			isa = PBXGroup;
			children = (
				F39B0B551FD952C500A94960 /* TheNoodleBoxUITests.swift */,
				F39B0B571FD952C500A94960 /* Info.plist */,
			);
			path = TheNoodleBoxUITests;
			sourceTree = "<group>";
		};
/* End PBXGroup section */

/* Begin PBXNativeTarget section */
		F39B0B2F1FD952C500A94960 /* TheNoodleBox */ = {
			isa = PBXNativeTarget;
			buildConfigurationList = F39B0B5A1FD952C500A94960 /* Build configuration list for PBXNativeTarget "TheNoodleBox" */;
			buildPhases = (
				C74FB42D2BF8ADB580A5B898 /* [CP] Check Pods Manifest.lock */,
				F39B0B2C1FD952C500A94960 /* Sources */,
				F39B0B2D1FD952C500A94960 /* Frameworks */,
				F39B0B2E1FD952C500A94960 /* Resources */,
				9C4F498A17A147E1F1E12492 /* [CP] Embed Pods Frameworks */,
				C147BC6C35D207C6E54C26DF /* [CP] Copy Pods Resources */,
			);
			buildRules = (
			);
			dependencies = (
			);
			name = TheNoodleBox;
			productName = TheNoodleBox;
			productReference = F39B0B301FD952C500A94960 /* TheNoodleBox.app */;
			productType = "com.apple.product-type.application";
		};
		F39B0B451FD952C500A94960 /* TheNoodleBoxTests */ = {
			isa = PBXNativeTarget;
			buildConfigurationList = F39B0B5D1FD952C500A94960 /* Build configuration list for PBXNativeTarget "TheNoodleBoxTests" */;
			buildPhases = (
				F39B0B421FD952C500A94960 /* Sources */,
				F39B0B431FD952C500A94960 /* Frameworks */,
				F39B0B441FD952C500A94960 /* Resources */,
			);
			buildRules = (
			);
			dependencies = (
				F39B0B481FD952C500A94960 /* PBXTargetDependency */,
			);
			name = TheNoodleBoxTests;
			productName = TheNoodleBoxTests;
			productReference = F39B0B461FD952C500A94960 /* TheNoodleBoxTests.xctest */;
			productType = "com.apple.product-type.bundle.unit-test";
		};
		F39B0B501FD952C500A94960 /* TheNoodleBoxUITests */ = {
			isa = PBXNativeTarget;
			buildConfigurationList = F39B0B601FD952C500A94960 /* Build configuration list for PBXNativeTarget "TheNoodleBoxUITests" */;
			buildPhases = (
				F39B0B4D1FD952C500A94960 /* Sources */,
				F39B0B4E1FD952C500A94960 /* Frameworks */,
				F39B0B4F1FD952C500A94960 /* Resources */,
			);
			buildRules = (
			);
			dependencies = (
				F39B0B531FD952C500A94960 /* PBXTargetDependency */,
			);
			name = TheNoodleBoxUITests;
			productName = TheNoodleBoxUITests;
			productReference = F39B0B511FD952C500A94960 /* TheNoodleBoxUITests.xctest */;
			productType = "com.apple.product-type.bundle.ui-testing";
		};
/* End PBXNativeTarget section */

/* Begin PBXProject section */
		F39B0B281FD952C500A94960 /* Project object */ = {
			isa = PBXProject;
			attributes = {
				LastSwiftUpdateCheck = 0910;
				LastUpgradeCheck = 0910;
				ORGANIZATIONNAME = "Shanshan Zhao";
				TargetAttributes = {
					F39B0B2F1FD952C500A94960 = {
						CreatedOnToolsVersion = 9.1;
						ProvisioningStyle = Automatic;
					};
					F39B0B451FD952C500A94960 = {
						CreatedOnToolsVersion = 9.1;
						ProvisioningStyle = Automatic;
						TestTargetID = F39B0B2F1FD952C500A94960;
					};
					F39B0B501FD952C500A94960 = {
						CreatedOnToolsVersion = 9.1;
						ProvisioningStyle = Automatic;
						TestTargetID = F39B0B2F1FD952C500A94960;
					};
				};
			};
			buildConfigurationList = F39B0B2B1FD952C500A94960 /* Build configuration list for PBXProject "TheNoodleBox" */;
			compatibilityVersion = "Xcode 8.0";
			developmentRegion = en;
			hasScannedForEncodings = 0;
			knownRegions = (
				en,
				Base,
			);
			mainGroup = F39B0B271FD952C500A94960;
			productRefGroup = F39B0B311FD952C500A94960 /* Products */;
			projectDirPath = "";
			projectRoot = "";
			targets = (
				F39B0B2F1FD952C500A94960 /* TheNoodleBox */,
				F39B0B451FD952C500A94960 /* TheNoodleBoxTests */,
				F39B0B501FD952C500A94960 /* TheNoodleBoxUITests */,
			);
		};
/* End PBXProject section */

/* Begin PBXResourcesBuildPhase section */
		F39B0B2E1FD952C500A94960 /* Resources */ = {
			isa = PBXResourcesBuildPhase;
			buildActionMask = 2147483647;
			files = (
				F39B0B401FD952C500A94960 /* LaunchScreen.storyboard in Resources */,
				F39B0B3D1FD952C500A94960 /* Assets.xcassets in Resources */,
				F39B0B3B1FD952C500A94960 /* Main.storyboard in Resources */,
			);
			runOnlyForDeploymentPostprocessing = 0;
		};
		F39B0B441FD952C500A94960 /* Resources */ = {
			isa = PBXResourcesBuildPhase;
			buildActionMask = 2147483647;
			files = (
			);
			runOnlyForDeploymentPostprocessing = 0;
		};
		F39B0B4F1FD952C500A94960 /* Resources */ = {
			isa = PBXResourcesBuildPhase;
			buildActionMask = 2147483647;
			files = (
			);
			runOnlyForDeploymentPostprocessing = 0;
		};
/* End PBXResourcesBuildPhase section */

/* Begin PBXShellScriptBuildPhase section */
		9C4F498A17A147E1F1E12492 /* [CP] Embed Pods Frameworks */ = {
			isa = PBXShellScriptBuildPhase;
			buildActionMask = 2147483647;
			files = (
			);
			inputPaths = (
			);
			name = "[CP] Embed Pods Frameworks";
			outputPaths = (
			);
			runOnlyForDeploymentPostprocessing = 0;
			shellPath = /bin/sh;
			shellScript = "\"${SRCROOT}/Pods/Target Support Files/Pods-TheNoodleBox/Pods-TheNoodleBox-frameworks.sh\"\n";
			showEnvVarsInLog = 0;
		};
		C147BC6C35D207C6E54C26DF /* [CP] Copy Pods Resources */ = {
			isa = PBXShellScriptBuildPhase;
			buildActionMask = 2147483647;
			files = (
			);
			inputPaths = (
				"${SRCROOT}/Pods/Target Support Files/Pods-TheNoodleBox/Pods-TheNoodleBox-resources.sh",
				"${PODS_ROOT}/GoogleMaps/Maps/Frameworks/GoogleMaps.framework/Resources/GoogleMaps.bundle",
				"${PODS_ROOT}/GooglePlacePicker/Frameworks/GooglePlacePicker.framework/Resources/GooglePlacePicker.bundle",
				"${PODS_ROOT}/GooglePlaces/Frameworks/GooglePlaces.framework/Resources/GooglePlaces.bundle",
			);
			name = "[CP] Copy Pods Resources";
			outputPaths = (
				"${TARGET_BUILD_DIR}/${UNLOCALIZED_RESOURCES_FOLDER_PATH}",
			);
			runOnlyForDeploymentPostprocessing = 0;
			shellPath = /bin/sh;
			shellScript = "\"${SRCROOT}/Pods/Target Support Files/Pods-TheNoodleBox/Pods-TheNoodleBox-resources.sh\"\n";
			showEnvVarsInLog = 0;
		};
		C74FB42D2BF8ADB580A5B898 /* [CP] Check Pods Manifest.lock */ = {
			isa = PBXShellScriptBuildPhase;
			buildActionMask = 2147483647;
			files = (
			);
			inputPaths = (
				"${PODS_PODFILE_DIR_PATH}/Podfile.lock",
				"${PODS_ROOT}/Manifest.lock",
			);
			name = "[CP] Check Pods Manifest.lock";
			outputPaths = (
				"$(DERIVED_FILE_DIR)/Pods-TheNoodleBox-checkManifestLockResult.txt",
			);
			runOnlyForDeploymentPostprocessing = 0;
			shellPath = /bin/sh;
			shellScript = "diff \"${PODS_PODFILE_DIR_PATH}/Podfile.lock\" \"${PODS_ROOT}/Manifest.lock\" > /dev/null\nif [ $? != 0 ] ; then\n    # print error to STDERR\n    echo \"error: The sandbox is not in sync with the Podfile.lock. Run 'pod install' or update your CocoaPods installation.\" >&2\n    exit 1\nfi\n# This output is used by Xcode 'outputs' to avoid re-running this script phase.\necho \"SUCCESS\" > \"${SCRIPT_OUTPUT_FILE_0}\"\n";
			showEnvVarsInLog = 0;
		};
/* End PBXShellScriptBuildPhase section */

/* Begin PBXSourcesBuildPhase section */
		F39B0B2C1FD952C500A94960 /* Sources */ = {
			isa = PBXSourcesBuildPhase;
			buildActionMask = 2147483647;
			files = (
				F34D48911FD97CE800F0BBF7 /* RecipeViewController.swift in Sources */,
				F32630B01FE1331200D8287B /* SearchPlacesAPI.swift in Sources */,
				F39B0B381FD952C500A94960 /* RamenAroundYouViewController.swift in Sources */,
				F32630B41FE138A600D8287B /* SearchResult.swift in Sources */,
				F32630B21FE134CE00D8287B /* PlaceViewModel.swift in Sources */,
				F39B0B341FD952C500A94960 /* AppDelegate.swift in Sources */,
				F32630B61FE13AAB00D8287B /* Place.swift in Sources */,
				F39733661FE2D127005D3323 /* Photo.swift in Sources */,
				F39B0B361FD952C500A94960 /* NoodlesViewController.swift in Sources */,
				F3E6B9231FD9ADF800522115 /* JsonProtocol.swift in Sources */,
				F32630BB1FE1746600D8287B /* PlaceTableViewCell.swift in Sources */,
			);
			runOnlyForDeploymentPostprocessing = 0;
		};
		F39B0B421FD952C500A94960 /* Sources */ = {
			isa = PBXSourcesBuildPhase;
			buildActionMask = 2147483647;
			files = (
				F39B0B4B1FD952C500A94960 /* TheNoodleBoxTests.swift in Sources */,
			);
			runOnlyForDeploymentPostprocessing = 0;
		};
		F39B0B4D1FD952C500A94960 /* Sources */ = {
			isa = PBXSourcesBuildPhase;
			buildActionMask = 2147483647;
			files = (
				F39B0B561FD952C500A94960 /* TheNoodleBoxUITests.swift in Sources */,
			);
			runOnlyForDeploymentPostprocessing = 0;
		};
/* End PBXSourcesBuildPhase section */

/* Begin PBXTargetDependency section */
		F39B0B481FD952C500A94960 /* PBXTargetDependency */ = {
			isa = PBXTargetDependency;
			target = F39B0B2F1FD952C500A94960 /* TheNoodleBox */;
			targetProxy = F39B0B471FD952C500A94960 /* PBXContainerItemProxy */;
		};
		F39B0B531FD952C500A94960 /* PBXTargetDependency */ = {
			isa = PBXTargetDependency;
			target = F39B0B2F1FD952C500A94960 /* TheNoodleBox */;
			targetProxy = F39B0B521FD952C500A94960 /* PBXContainerItemProxy */;
		};
/* End PBXTargetDependency section */

/* Begin PBXVariantGroup section */
		F39B0B391FD952C500A94960 /* Main.storyboard */ = {
			isa = PBXVariantGroup;
			children = (
				F39B0B3A1FD952C500A94960 /* Base */,
			);
			name = Main.storyboard;
			sourceTree = "<group>";
		};
		F39B0B3E1FD952C500A94960 /* LaunchScreen.storyboard */ = {
			isa = PBXVariantGroup;
			children = (
				F39B0B3F1FD952C500A94960 /* Base */,
			);
			name = LaunchScreen.storyboard;
			sourceTree = "<group>";
		};
/* End PBXVariantGroup section */

/* Begin XCBuildConfiguration section */
		F39B0B581FD952C500A94960 /* Debug */ = {
			isa = XCBuildConfiguration;
			buildSettings = {
				ALWAYS_SEARCH_USER_PATHS = NO;
				CLANG_ANALYZER_NONNULL = YES;
				CLANG_ANALYZER_NUMBER_OBJECT_CONVERSION = YES_AGGRESSIVE;
				CLANG_CXX_LANGUAGE_STANDARD = "gnu++14";
				CLANG_CXX_LIBRARY = "libc++";
				CLANG_ENABLE_MODULES = YES;
				CLANG_ENABLE_OBJC_ARC = YES;
				CLANG_WARN_BLOCK_CAPTURE_AUTORELEASING = YES;
				CLANG_WARN_BOOL_CONVERSION = YES;
				CLANG_WARN_COMMA = YES;
				CLANG_WARN_CONSTANT_CONVERSION = YES;
				CLANG_WARN_DIRECT_OBJC_ISA_USAGE = YES_ERROR;
				CLANG_WARN_DOCUMENTATION_COMMENTS = YES;
				CLANG_WARN_EMPTY_BODY = YES;
				CLANG_WARN_ENUM_CONVERSION = YES;
				CLANG_WARN_INFINITE_RECURSION = YES;
				CLANG_WARN_INT_CONVERSION = YES;
				CLANG_WARN_NON_LITERAL_NULL_CONVERSION = YES;
				CLANG_WARN_OBJC_LITERAL_CONVERSION = YES;
				CLANG_WARN_OBJC_ROOT_CLASS = YES_ERROR;
				CLANG_WARN_RANGE_LOOP_ANALYSIS = YES;
				CLANG_WARN_STRICT_PROTOTYPES = YES;
				CLANG_WARN_SUSPICIOUS_MOVE = YES;
				CLANG_WARN_UNGUARDED_AVAILABILITY = YES_AGGRESSIVE;
				CLANG_WARN_UNREACHABLE_CODE = YES;
				CLANG_WARN__DUPLICATE_METHOD_MATCH = YES;
				CODE_SIGN_IDENTITY = "iPhone Developer";
				COPY_PHASE_STRIP = NO;
				DEBUG_INFORMATION_FORMAT = dwarf;
				ENABLE_STRICT_OBJC_MSGSEND = YES;
				ENABLE_TESTABILITY = YES;
				GCC_C_LANGUAGE_STANDARD = gnu11;
				GCC_DYNAMIC_NO_PIC = NO;
				GCC_NO_COMMON_BLOCKS = YES;
				GCC_OPTIMIZATION_LEVEL = 0;
				GCC_PREPROCESSOR_DEFINITIONS = (
					"DEBUG=1",
					"$(inherited)",
				);
				GCC_WARN_64_TO_32_BIT_CONVERSION = YES;
				GCC_WARN_ABOUT_RETURN_TYPE = YES_ERROR;
				GCC_WARN_UNDECLARED_SELECTOR = YES;
				GCC_WARN_UNINITIALIZED_AUTOS = YES_AGGRESSIVE;
				GCC_WARN_UNUSED_FUNCTION = YES;
				GCC_WARN_UNUSED_VARIABLE = YES;
				IPHONEOS_DEPLOYMENT_TARGET = 11.1;
				MTL_ENABLE_DEBUG_INFO = YES;
				ONLY_ACTIVE_ARCH = YES;
				SDKROOT = iphoneos;
				SWIFT_ACTIVE_COMPILATION_CONDITIONS = DEBUG;
				SWIFT_OPTIMIZATION_LEVEL = "-Onone";
			};
			name = Debug;
		};
		F39B0B591FD952C500A94960 /* Release */ = {
			isa = XCBuildConfiguration;
			buildSettings = {
				ALWAYS_SEARCH_USER_PATHS = NO;
				CLANG_ANALYZER_NONNULL = YES;
				CLANG_ANALYZER_NUMBER_OBJECT_CONVERSION = YES_AGGRESSIVE;
				CLANG_CXX_LANGUAGE_STANDARD = "gnu++14";
				CLANG_CXX_LIBRARY = "libc++";
				CLANG_ENABLE_MODULES = YES;
				CLANG_ENABLE_OBJC_ARC = YES;
				CLANG_WARN_BLOCK_CAPTURE_AUTORELEASING = YES;
				CLANG_WARN_BOOL_CONVERSION = YES;
				CLANG_WARN_COMMA = YES;
				CLANG_WARN_CONSTANT_CONVERSION = YES;
				CLANG_WARN_DIRECT_OBJC_ISA_USAGE = YES_ERROR;
				CLANG_WARN_DOCUMENTATION_COMMENTS = YES;
				CLANG_WARN_EMPTY_BODY = YES;
				CLANG_WARN_ENUM_CONVERSION = YES;
				CLANG_WARN_INFINITE_RECURSION = YES;
				CLANG_WARN_INT_CONVERSION = YES;
				CLANG_WARN_NON_LITERAL_NULL_CONVERSION = YES;
				CLANG_WARN_OBJC_LITERAL_CONVERSION = YES;
				CLANG_WARN_OBJC_ROOT_CLASS = YES_ERROR;
				CLANG_WARN_RANGE_LOOP_ANALYSIS = YES;
				CLANG_WARN_STRICT_PROTOTYPES = YES;
				CLANG_WARN_SUSPICIOUS_MOVE = YES;
				CLANG_WARN_UNGUARDED_AVAILABILITY = YES_AGGRESSIVE;
				CLANG_WARN_UNREACHABLE_CODE = YES;
				CLANG_WARN__DUPLICATE_METHOD_MATCH = YES;
				CODE_SIGN_IDENTITY = "iPhone Developer";
				COPY_PHASE_STRIP = NO;
				DEBUG_INFORMATION_FORMAT = "dwarf-with-dsym";
				ENABLE_NS_ASSERTIONS = NO;
				ENABLE_STRICT_OBJC_MSGSEND = YES;
				GCC_C_LANGUAGE_STANDARD = gnu11;
				GCC_NO_COMMON_BLOCKS = YES;
				GCC_WARN_64_TO_32_BIT_CONVERSION = YES;
				GCC_WARN_ABOUT_RETURN_TYPE = YES_ERROR;
				GCC_WARN_UNDECLARED_SELECTOR = YES;
				GCC_WARN_UNINITIALIZED_AUTOS = YES_AGGRESSIVE;
				GCC_WARN_UNUSED_FUNCTION = YES;
				GCC_WARN_UNUSED_VARIABLE = YES;
				IPHONEOS_DEPLOYMENT_TARGET = 11.1;
				MTL_ENABLE_DEBUG_INFO = NO;
				SDKROOT = iphoneos;
				SWIFT_OPTIMIZATION_LEVEL = "-Owholemodule";
				VALIDATE_PRODUCT = YES;
			};
			name = Release;
		};
		F39B0B5B1FD952C500A94960 /* Debug */ = {
			isa = XCBuildConfiguration;
			baseConfigurationReference = 86AF56BB9BB04EF64B7FAEE7 /* Pods-TheNoodleBox.debug.xcconfig */;
			buildSettings = {
				ASSETCATALOG_COMPILER_APPICON_NAME = AppIcon;
				"CODE_SIGN_IDENTITY[sdk=iphoneos*]" = "iPhone Developer";
				CODE_SIGN_STYLE = Automatic;
				DEVELOPMENT_TEAM = 989R6LTRYS;
				INFOPLIST_FILE = TheNoodleBox/Info.plist;
				IPHONEOS_DEPLOYMENT_TARGET = 11.0;
				LD_RUNPATH_SEARCH_PATHS = "$(inherited) @executable_path/Frameworks";
				PRODUCT_BUNDLE_IDENTIFIER = "Shanshan-Zhao.TheNoodleBox";
				PRODUCT_NAME = "$(TARGET_NAME)";
				PROVISIONING_PROFILE_SPECIFIER = "";
				SWIFT_VERSION = 4.0;
				TARGETED_DEVICE_FAMILY = "1,2";
			};
			name = Debug;
		};
		F39B0B5C1FD952C500A94960 /* Release */ = {
			isa = XCBuildConfiguration;
			baseConfigurationReference = 3FEA41979EEAAAD5A2C232B8 /* Pods-TheNoodleBox.release.xcconfig */;
			buildSettings = {
				ASSETCATALOG_COMPILER_APPICON_NAME = AppIcon;
				"CODE_SIGN_IDENTITY[sdk=iphoneos*]" = "iPhone Developer";
				CODE_SIGN_STYLE = Automatic;
				DEVELOPMENT_TEAM = 989R6LTRYS;
				INFOPLIST_FILE = TheNoodleBox/Info.plist;
				IPHONEOS_DEPLOYMENT_TARGET = 11.0;
				LD_RUNPATH_SEARCH_PATHS = "$(inherited) @executable_path/Frameworks";
				PRODUCT_BUNDLE_IDENTIFIER = "Shanshan-Zhao.TheNoodleBox";
				PRODUCT_NAME = "$(TARGET_NAME)";
				PROVISIONING_PROFILE_SPECIFIER = "";
				SWIFT_VERSION = 4.0;
				TARGETED_DEVICE_FAMILY = "1,2";
			};
			name = Release;
		};
		F39B0B5E1FD952C500A94960 /* Debug */ = {
			isa = XCBuildConfiguration;
			buildSettings = {
				ALWAYS_EMBED_SWIFT_STANDARD_LIBRARIES = YES;
				BUNDLE_LOADER = "$(TEST_HOST)";
				CODE_SIGN_STYLE = Automatic;
				INFOPLIST_FILE = TheNoodleBoxTests/Info.plist;
				LD_RUNPATH_SEARCH_PATHS = "$(inherited) @executable_path/Frameworks @loader_path/Frameworks";
				PRODUCT_BUNDLE_IDENTIFIER = "Shanshan-Zhao.TheNoodleBoxTests";
				PRODUCT_NAME = "$(TARGET_NAME)";
				SWIFT_VERSION = 4.0;
				TARGETED_DEVICE_FAMILY = "1,2";
				TEST_HOST = "$(BUILT_PRODUCTS_DIR)/TheNoodleBox.app/TheNoodleBox";
			};
			name = Debug;
		};
		F39B0B5F1FD952C500A94960 /* Release */ = {
			isa = XCBuildConfiguration;
			buildSettings = {
				ALWAYS_EMBED_SWIFT_STANDARD_LIBRARIES = YES;
				BUNDLE_LOADER = "$(TEST_HOST)";
				CODE_SIGN_STYLE = Automatic;
				INFOPLIST_FILE = TheNoodleBoxTests/Info.plist;
				LD_RUNPATH_SEARCH_PATHS = "$(inherited) @executable_path/Frameworks @loader_path/Frameworks";
				PRODUCT_BUNDLE_IDENTIFIER = "Shanshan-Zhao.TheNoodleBoxTests";
				PRODUCT_NAME = "$(TARGET_NAME)";
				SWIFT_VERSION = 4.0;
				TARGETED_DEVICE_FAMILY = "1,2";
				TEST_HOST = "$(BUILT_PRODUCTS_DIR)/TheNoodleBox.app/TheNoodleBox";
			};
			name = Release;
		};
		F39B0B611FD952C500A94960 /* Debug */ = {
			isa = XCBuildConfiguration;
			buildSettings = {
				ALWAYS_EMBED_SWIFT_STANDARD_LIBRARIES = YES;
				CODE_SIGN_STYLE = Automatic;
				INFOPLIST_FILE = TheNoodleBoxUITests/Info.plist;
				LD_RUNPATH_SEARCH_PATHS = "$(inherited) @executable_path/Frameworks @loader_path/Frameworks";
				PRODUCT_BUNDLE_IDENTIFIER = "Shanshan-Zhao.TheNoodleBoxUITests";
				PRODUCT_NAME = "$(TARGET_NAME)";
				SWIFT_VERSION = 4.0;
				TARGETED_DEVICE_FAMILY = "1,2";
				TEST_TARGET_NAME = TheNoodleBox;
			};
			name = Debug;
		};
		F39B0B621FD952C500A94960 /* Release */ = {
			isa = XCBuildConfiguration;
			buildSettings = {
				ALWAYS_EMBED_SWIFT_STANDARD_LIBRARIES = YES;
				CODE_SIGN_STYLE = Automatic;
				INFOPLIST_FILE = TheNoodleBoxUITests/Info.plist;
				LD_RUNPATH_SEARCH_PATHS = "$(inherited) @executable_path/Frameworks @loader_path/Frameworks";
				PRODUCT_BUNDLE_IDENTIFIER = "Shanshan-Zhao.TheNoodleBoxUITests";
				PRODUCT_NAME = "$(TARGET_NAME)";
				SWIFT_VERSION = 4.0;
				TARGETED_DEVICE_FAMILY = "1,2";
				TEST_TARGET_NAME = TheNoodleBox;
			};
			name = Release;
		};
/* End XCBuildConfiguration section */

/* Begin XCConfigurationList section */
		F39B0B2B1FD952C500A94960 /* Build configuration list for PBXProject "TheNoodleBox" */ = {
			isa = XCConfigurationList;
			buildConfigurations = (
				F39B0B581FD952C500A94960 /* Debug */,
				F39B0B591FD952C500A94960 /* Release */,
			);
			defaultConfigurationIsVisible = 0;
			defaultConfigurationName = Release;
		};
		F39B0B5A1FD952C500A94960 /* Build configuration list for PBXNativeTarget "TheNoodleBox" */ = {
			isa = XCConfigurationList;
			buildConfigurations = (
				F39B0B5B1FD952C500A94960 /* Debug */,
				F39B0B5C1FD952C500A94960 /* Release */,
			);
			defaultConfigurationIsVisible = 0;
			defaultConfigurationName = Release;
		};
		F39B0B5D1FD952C500A94960 /* Build configuration list for PBXNativeTarget "TheNoodleBoxTests" */ = {
			isa = XCConfigurationList;
			buildConfigurations = (
				F39B0B5E1FD952C500A94960 /* Debug */,
				F39B0B5F1FD952C500A94960 /* Release */,
			);
			defaultConfigurationIsVisible = 0;
			defaultConfigurationName = Release;
		};
		F39B0B601FD952C500A94960 /* Build configuration list for PBXNativeTarget "TheNoodleBoxUITests" */ = {
			isa = XCConfigurationList;
			buildConfigurations = (
				F39B0B611FD952C500A94960 /* Debug */,
				F39B0B621FD952C500A94960 /* Release */,
			);
			defaultConfigurationIsVisible = 0;
			defaultConfigurationName = Release;
		};
/* End XCConfigurationList section */
	};
	rootObject = F39B0B281FD952C500A94960 /* Project object */;
}
